
Microsoft Visual Studio Solution File, Format Version 12.00
# Visual Studio Version 17
VisualStudioVersion = 17.9.34622.214
MinimumVisualStudioVersion = 10.0.40219.1
Project("{FAE04EC0-301F-11D3-BF4B-00C04F79EFBC}") = "c-sharp-class-5-exercises", "c-sharp-class-5-exercises\c-sharp-class-5-exercises.csproj", "{21F033C6-940B-4B8F-9B59-3DE1E79D6950}"
EndProject
Global
	GlobalSection(SolutionConfigurationPlatforms) = preSolution
		Debug|Any CPU = Debug|Any CPU
		Release|Any CPU = Release|Any CPU
	EndGlobalSection
	GlobalSection(ProjectConfigurationPlatforms) = postSolution
		{21F033C6-940B-4B8F-9B59-3DE1E79D6950}.Debug|Any CPU.ActiveCfg = Debug|Any CPU
		{21F033C6-940B-4B8F-9B59-3DE1E79D6950}.Debug|Any CPU.Build.0 = Debug|Any CPU
		{21F033C6-940B-4B8F-9B59-3DE1E79D6950}.Release|Any CPU.ActiveCfg = Release|Any CPU
		{21F033C6-940B-4B8F-9B59-3DE1E79D6950}.Release|Any CPU.Build.0 = Release|Any CPU
	EndGlobalSection
	GlobalSection(SolutionProperties) = preSolution
		HideSolutionNode = FALSE
	EndGlobalSection
	GlobalSection(ExtensibilityGlobals) = postSolution
		SolutionGuid = {7B1FE2BE-958C-44DC-97C2-C47EDC7F4658}
	EndGlobalSection
EndGlobal
